
Microsoft Visual Studio Solution File, Format Version 12.00
# Visual Studio Version 17
VisualStudioVersion = 17.14.36429.23 d17.14
MinimumVisualStudioVersion = 10.0.40219.1
Project("{FAE04EC0-301F-11D3-BF4B-00C04F79EFBC}") = "Bai18_LINQ", "Bai18_LINQ\Bai18_LINQ.csproj", "{CF5D7A87-0422-4971-910C-545F56B97AED}"
EndProject
Global
	GlobalSection(SolutionConfigurationPlatforms) = preSolution
		Debug|Any CPU = Debug|Any CPU
		Release|Any CPU = Release|Any CPU
	EndGlobalSection
	GlobalSection(ProjectConfigurationPlatforms) = postSolution
		{CF5D7A87-0422-4971-910C-545F56B97AED}.Debug|Any CPU.ActiveCfg = Debug|Any CPU
		{CF5D7A87-0422-4971-910C-545F56B97AED}.Debug|Any CPU.Build.0 = Debug|Any CPU
		{CF5D7A87-0422-4971-910C-545F56B97AED}.Release|Any CPU.ActiveCfg = Release|Any CPU
		{CF5D7A87-0422-4971-910C-545F56B97AED}.Release|Any CPU.Build.0 = Release|Any CPU
	EndGlobalSection
	GlobalSection(SolutionProperties) = preSolution
		HideSolutionNode = FALSE
	EndGlobalSection
	GlobalSection(ExtensibilityGlobals) = postSolution
		SolutionGuid = {E6A2072A-EBD1-478E-A814-E92B7B8897B4}
	EndGlobalSection
EndGlobal
