
Microsoft Visual Studio Solution File, Format Version 12.00
# Visual Studio Version 17
VisualStudioVersion = 17.14.36429.23 d17.14
MinimumVisualStudioVersion = 10.0.40219.1
Project("{FAE04EC0-301F-11D3-BF4B-00C04F79EFBC}") = "Bai13_LINQ", "Bai13_LINQ\Bai13_LINQ.csproj", "{3A978254-4809-4401-A13A-0A6B3B315551}"
EndProject
Global
	GlobalSection(SolutionConfigurationPlatforms) = preSolution
		Debug|Any CPU = Debug|Any CPU
		Release|Any CPU = Release|Any CPU
	EndGlobalSection
	GlobalSection(ProjectConfigurationPlatforms) = postSolution
		{3A978254-4809-4401-A13A-0A6B3B315551}.Debug|Any CPU.ActiveCfg = Debug|Any CPU
		{3A978254-4809-4401-A13A-0A6B3B315551}.Debug|Any CPU.Build.0 = Debug|Any CPU
		{3A978254-4809-4401-A13A-0A6B3B315551}.Release|Any CPU.ActiveCfg = Release|Any CPU
		{3A978254-4809-4401-A13A-0A6B3B315551}.Release|Any CPU.Build.0 = Release|Any CPU
	EndGlobalSection
	GlobalSection(SolutionProperties) = preSolution
		HideSolutionNode = FALSE
	EndGlobalSection
	GlobalSection(ExtensibilityGlobals) = postSolution
		SolutionGuid = {54B15C9C-F061-44A6-80D5-D894AAB3F142}
	EndGlobalSection
EndGlobal
